
Microsoft Visual Studio Solution File, Format Version 12.00
# Visual Studio 15
VisualStudioVersion = 15.0.28010.2036
MinimumVisualStudioVersion = 10.0.40219.1
Project("{FAE04EC0-301F-11D3-BF4B-00C04F79EFBC}") = "SplashScreen", "WindowsFormsApp2\SplashScreen.csproj", "{2DB352F6-8D01-4A43-9DCE-C738B60F33DB}"
EndProject
Project("{FAE04EC0-301F-11D3-BF4B-00C04F79EFBC}") = "WindowsFormsApp1", "..\WindowsFormsApp1\WindowsFormsApp1\WindowsFormsApp1.csproj", "{E228B197-966F-4274-A9E7-D011E25B7F25}"
EndProject
Global
	GlobalSection(SolutionConfigurationPlatforms) = preSolution
		Debug|Any CPU = Debug|Any CPU
		Release|Any CPU = Release|Any CPU
	EndGlobalSection
	GlobalSection(ProjectConfigurationPlatforms) = postSolution
		{2DB352F6-8D01-4A43-9DCE-C738B60F33DB}.Debug|Any CPU.ActiveCfg = Debug|Any CPU
		{2DB352F6-8D01-4A43-9DCE-C738B60F33DB}.Debug|Any CPU.Build.0 = Debug|Any CPU
		{2DB352F6-8D01-4A43-9DCE-C738B60F33DB}.Release|Any CPU.ActiveCfg = Release|Any CPU
		{2DB352F6-8D01-4A43-9DCE-C738B60F33DB}.Release|Any CPU.Build.0 = Release|Any CPU
		{E228B197-966F-4274-A9E7-D011E25B7F25}.Debug|Any CPU.ActiveCfg = Debug|Any CPU
		{E228B197-966F-4274-A9E7-D011E25B7F25}.Debug|Any CPU.Build.0 = Debug|Any CPU
		{E228B197-966F-4274-A9E7-D011E25B7F25}.Release|Any CPU.ActiveCfg = Release|Any CPU
		{E228B197-966F-4274-A9E7-D011E25B7F25}.Release|Any CPU.Build.0 = Release|Any CPU
	EndGlobalSection
	GlobalSection(SolutionProperties) = preSolution
		HideSolutionNode = FALSE
	EndGlobalSection
	GlobalSection(ExtensibilityGlobals) = postSolution
		SolutionGuid = {3A503099-F2A1-40B5-9982-1D15E2F2EAFA}
	EndGlobalSection
EndGlobal
